
Microsoft Visual Studio Solution File, Format Version 12.00
# Visual Studio Version 16
VisualStudioVersion = 16.0.29920.165
MinimumVisualStudioVersion = 10.0.40219.1
Project("{FAE04EC0-301F-11D3-BF4B-00C04F79EFBC}") = "New_Way", "New_Way.csproj", "{C2BF0A79-72ED-443D-A628-57FDBD6C3C21}"
EndProject
Global
	GlobalSection(SolutionConfigurationPlatforms) = preSolution
		Debug|Any CPU = Debug|Any CPU
		Release|Any CPU = Release|Any CPU
	EndGlobalSection
	GlobalSection(ProjectConfigurationPlatforms) = postSolution
		{C2BF0A79-72ED-443D-A628-57FDBD6C3C21}.Debug|Any CPU.ActiveCfg = Debug|Any CPU
		{C2BF0A79-72ED-443D-A628-57FDBD6C3C21}.Debug|Any CPU.Build.0 = Debug|Any CPU
		{C2BF0A79-72ED-443D-A628-57FDBD6C3C21}.Release|Any CPU.ActiveCfg = Release|Any CPU
		{C2BF0A79-72ED-443D-A628-57FDBD6C3C21}.Release|Any CPU.Build.0 = Release|Any CPU
	EndGlobalSection
	GlobalSection(SolutionProperties) = preSolution
		HideSolutionNode = FALSE
	EndGlobalSection
	GlobalSection(ExtensibilityGlobals) = postSolution
		SolutionGuid = {C74CBAE2-1A7C-4651-B729-A1F5C6E54DF6}
	EndGlobalSection
EndGlobal
